
Microsoft Visual Studio Solution File, Format Version 12.00
# Visual Studio Version 17
VisualStudioVersion = 17.5.33530.505
MinimumVisualStudioVersion = 10.0.40219.1
Project("{FAE04EC0-301F-11D3-BF4B-00C04F79EFBC}") = "Book_yanguzov", "Book_yanguzov.csproj", "{6662DFA0-FC8C-48F6-AC42-2341FE94412F}"
EndProject
Global
	GlobalSection(SolutionConfigurationPlatforms) = preSolution
		Debug|Any CPU = Debug|Any CPU
		Release|Any CPU = Release|Any CPU
	EndGlobalSection
	GlobalSection(ProjectConfigurationPlatforms) = postSolution
		{6662DFA0-FC8C-48F6-AC42-2341FE94412F}.Debug|Any CPU.ActiveCfg = Debug|Any CPU
		{6662DFA0-FC8C-48F6-AC42-2341FE94412F}.Debug|Any CPU.Build.0 = Debug|Any CPU
		{6662DFA0-FC8C-48F6-AC42-2341FE94412F}.Release|Any CPU.ActiveCfg = Release|Any CPU
		{6662DFA0-FC8C-48F6-AC42-2341FE94412F}.Release|Any CPU.Build.0 = Release|Any CPU
	EndGlobalSection
	GlobalSection(SolutionProperties) = preSolution
		HideSolutionNode = FALSE
	EndGlobalSection
	GlobalSection(ExtensibilityGlobals) = postSolution
		SolutionGuid = {B7FDB29A-4230-4D08-A522-B88C645B0A79}
	EndGlobalSection
EndGlobal
